
Microsoft Visual Studio Solution File, Format Version 12.00
# Visual Studio 15
VisualStudioVersion = 15.0.27004.2010
MinimumVisualStudioVersion = 10.0.40219.1
Project("{FAE04EC0-301F-11D3-BF4B-00C04F79EFBC}") = "Web", "Web\Web.csproj", "{A90FDF1A-1968-44EF-8CE2-99BF5A6094F4}"
EndProject
Project("{FAE04EC0-301F-11D3-BF4B-00C04F79EFBC}") = "Model", "Model\Model.csproj", "{71878D43-E084-4A45-B811-7830DDAEBEF6}"
EndProject
Project("{FAE04EC0-301F-11D3-BF4B-00C04F79EFBC}") = "Data", "Data\Data.csproj", "{74275554-8D79-4F46-BCA5-FF0947CC824F}"
EndProject
Global
	GlobalSection(SolutionConfigurationPlatforms) = preSolution
		Debug|Any CPU = Debug|Any CPU
		Release|Any CPU = Release|Any CPU
	EndGlobalSection
	GlobalSection(ProjectConfigurationPlatforms) = postSolution
		{A90FDF1A-1968-44EF-8CE2-99BF5A6094F4}.Debug|Any CPU.ActiveCfg = Debug|Any CPU
		{A90FDF1A-1968-44EF-8CE2-99BF5A6094F4}.Debug|Any CPU.Build.0 = Debug|Any CPU
		{A90FDF1A-1968-44EF-8CE2-99BF5A6094F4}.Release|Any CPU.ActiveCfg = Release|Any CPU
		{A90FDF1A-1968-44EF-8CE2-99BF5A6094F4}.Release|Any CPU.Build.0 = Release|Any CPU
		{71878D43-E084-4A45-B811-7830DDAEBEF6}.Debug|Any CPU.ActiveCfg = Debug|Any CPU
		{71878D43-E084-4A45-B811-7830DDAEBEF6}.Debug|Any CPU.Build.0 = Debug|Any CPU
		{71878D43-E084-4A45-B811-7830DDAEBEF6}.Release|Any CPU.ActiveCfg = Release|Any CPU
		{71878D43-E084-4A45-B811-7830DDAEBEF6}.Release|Any CPU.Build.0 = Release|Any CPU
		{74275554-8D79-4F46-BCA5-FF0947CC824F}.Debug|Any CPU.ActiveCfg = Debug|Any CPU
		{74275554-8D79-4F46-BCA5-FF0947CC824F}.Debug|Any CPU.Build.0 = Debug|Any CPU
		{74275554-8D79-4F46-BCA5-FF0947CC824F}.Release|Any CPU.ActiveCfg = Release|Any CPU
		{74275554-8D79-4F46-BCA5-FF0947CC824F}.Release|Any CPU.Build.0 = Release|Any CPU
	EndGlobalSection
	GlobalSection(SolutionProperties) = preSolution
		HideSolutionNode = FALSE
	EndGlobalSection
	GlobalSection(ExtensibilityGlobals) = postSolution
		SolutionGuid = {26862864-28F9-465D-866E-C64718FEBC60}
	EndGlobalSection
EndGlobal
